
Microsoft Visual Studio Solution File, Format Version 12.00
# Visual Studio 15
VisualStudioVersion = 15.0.28307.705
MinimumVisualStudioVersion = 10.0.40219.1
Project("{FAE04EC0-301F-11D3-BF4B-00C04F79EFBC}") = "MarsRoverAPI", "MarsRoverAPI\MarsRoverAPI.csproj", "{3F04452F-3405-4AB7-B9F0-CCB2028DCE95}"
EndProject
Project("{FAE04EC0-301F-11D3-BF4B-00C04F79EFBC}") = "MarsRoverTest", "MarsRoverTest\MarsRoverTest.csproj", "{8E20E369-9856-423C-B114-A63BD65EB8AD}"
EndProject
Global
	GlobalSection(SolutionConfigurationPlatforms) = preSolution
		Debug|Any CPU = Debug|Any CPU
		Release|Any CPU = Release|Any CPU
	EndGlobalSection
	GlobalSection(ProjectConfigurationPlatforms) = postSolution
		{3F04452F-3405-4AB7-B9F0-CCB2028DCE95}.Debug|Any CPU.ActiveCfg = Debug|Any CPU
		{3F04452F-3405-4AB7-B9F0-CCB2028DCE95}.Debug|Any CPU.Build.0 = Debug|Any CPU
		{3F04452F-3405-4AB7-B9F0-CCB2028DCE95}.Release|Any CPU.ActiveCfg = Release|Any CPU
		{3F04452F-3405-4AB7-B9F0-CCB2028DCE95}.Release|Any CPU.Build.0 = Release|Any CPU
		{8E20E369-9856-423C-B114-A63BD65EB8AD}.Debug|Any CPU.ActiveCfg = Debug|Any CPU
		{8E20E369-9856-423C-B114-A63BD65EB8AD}.Debug|Any CPU.Build.0 = Debug|Any CPU
		{8E20E369-9856-423C-B114-A63BD65EB8AD}.Release|Any CPU.ActiveCfg = Release|Any CPU
		{8E20E369-9856-423C-B114-A63BD65EB8AD}.Release|Any CPU.Build.0 = Release|Any CPU
	EndGlobalSection
	GlobalSection(SolutionProperties) = preSolution
		HideSolutionNode = FALSE
	EndGlobalSection
	GlobalSection(ExtensibilityGlobals) = postSolution
		SolutionGuid = {06FE80C8-86E6-4759-BF3E-B41B4B44D0C9}
	EndGlobalSection
EndGlobal
